// !$*UTF8*$!
{
	archiveVersion = 1;
	classes = {
	};
	objectVersion = 46;
	objects = {

/* Begin PBXBuildFile section */
		93A1DFE41AD93E8700794571 /* main.m in Sources */ = {isa = PBXBuildFile; fileRef = 93A1DFE31AD93E8700794571 /* main.m */; };
		93A1DFE71AD93E8700794571 /* AppDelegate.m in Sources */ = {isa = PBXBuildFile; fileRef = 93A1DFE61AD93E8700794571 /* AppDelegate.m */; };
		93A1DFEA1AD93E8700794571 /* ViewController.m in Sources */ = {isa = PBXBuildFile; fileRef = 93A1DFE91AD93E8700794571 /* ViewController.m */; };
		93A1DFED1AD93E8700794571 /* Main.storyboard in Resources */ = {isa = PBXBuildFile; fileRef = 93A1DFEB1AD93E8700794571 /* Main.storyboard */; };
		93A1DFEF1AD93E8700794571 /* Images.xcassets in Resources */ = {isa = PBXBuildFile; fileRef = 93A1DFEE1AD93E8700794571 /* Images.xcassets */; };
		93A1DFF21AD93E8700794571 /* LaunchScreen.xib in Resources */ = {isa = PBXBuildFile; fileRef = 93A1DFF01AD93E8700794571 /* LaunchScreen.xib */; };
		93A1DFFE1AD93E8700794571 /* HW_NotificationTests.m in Sources */ = {isa = PBXBuildFile; fileRef = 93A1DFFD1AD93E8700794571 /* HW_NotificationTests.m */; };
/* End PBXBuildFile section */

/* Begin PBXContainerItemProxy section */
		93A1DFF81AD93E8700794571 /* PBXContainerItemProxy */ = {
			isa = PBXContainerItemProxy;
			containerPortal = 93A1DFD61AD93E8700794571 /* Project object */;
			proxyType = 1;
			remoteGlobalIDString = 93A1DFDD1AD93E8700794571;
			remoteInfo = "HW-Notification";
		};
/* End PBXContainerItemProxy section */

/* Begin PBXFileReference section */
		93A1DFDE1AD93E8700794571 /* HW-Notification.app */ = {isa = PBXFileReference; explicitFileType = wrapper.application; includeInIndex = 0; path = "HW-Notification.app"; sourceTree = BUILT_PRODUCTS_DIR; };
		93A1DFE21AD93E8700794571 /* Info.plist */ = {isa = PBXFileReference; lastKnownFileType = text.plist.xml; path = Info.plist; sourceTree = "<group>"; };
		93A1DFE31AD93E8700794571 /* main.m */ = {isa = PBXFileReference; lastKnownFileType = sourcecode.c.objc; path = main.m; sourceTree = "<group>"; };
		93A1DFE51AD93E8700794571 /* AppDelegate.h */ = {isa = PBXFileReference; lastKnownFileType = sourcecode.c.h; path = AppDelegate.h; sourceTree = "<group>"; };
		93A1DFE61AD93E8700794571 /* AppDelegate.m */ = {isa = PBXFileReference; lastKnownFileType = sourcecode.c.objc; path = AppDelegate.m; sourceTree = "<group>"; };
		93A1DFE81AD93E8700794571 /* ViewController.h */ = {isa = PBXFileReference; lastKnownFileType = sourcecode.c.h; path = ViewController.h; sourceTree = "<group>"; };
		93A1DFE91AD93E8700794571 /* ViewController.m */ = {isa = PBXFileReference; lastKnownFileType = sourcecode.c.objc; path = ViewController.m; sourceTree = "<group>"; };
		93A1DFEC1AD93E8700794571 /* Base */ = {isa = PBXFileReference; lastKnownFileType = file.storyboard; name = Base; path = Base.lproj/Main.storyboard; sourceTree = "<group>"; };
		93A1DFEE1AD93E8700794571 /* Images.xcassets */ = {isa = PBXFileReference; lastKnownFileType = folder.assetcatalog; path = Images.xcassets; sourceTree = "<group>"; };
		93A1DFF11AD93E8700794571 /* Base */ = {isa = PBXFileReference; lastKnownFileType = file.xib; name = Base; path = Base.lproj/LaunchScreen.xib; sourceTree = "<group>"; };
		93A1DFF71AD93E8700794571 /* HW-NotificationTests.xctest */ = {isa = PBXFileReference; explicitFileType = wrapper.cfbundle; includeInIndex = 0; path = "HW-NotificationTests.xctest"; sourceTree = BUILT_PRODUCTS_DIR; };
		93A1DFFC1AD93E8700794571 /* Info.plist */ = {isa = PBXFileReference; lastKnownFileType = text.plist.xml; path = Info.plist; sourceTree = "<group>"; };
		93A1DFFD1AD93E8700794571 /* HW_NotificationTests.m */ = {isa = PBXFileReference; lastKnownFileType = sourcecode.c.objc; path = HW_NotificationTests.m; sourceTree = "<group>"; };
/* End PBXFileReference section */

/* Begin PBXFrameworksBuildPhase section */
		93A1DFDB1AD93E8700794571 /* Frameworks */ = {
			isa = PBXFrameworksBuildPhase;
			buildActionMask = 2147483647;
			files = (
			);
			runOnlyForDeploymentPostprocessing = 0;
		};
		93A1DFF41AD93E8700794571 /* Frameworks */ = {
			isa = PBXFrameworksBuildPhase;
			buildActionMask = 2147483647;
			files = (
			);
			runOnlyForDeploymentPostprocessing = 0;
		};
/* End PBXFrameworksBuildPhase section */

/* Begin PBXGroup section */
		93A1DFD51AD93E8700794571 = {
			isa = PBXGroup;
			children = (
				93A1DFE01AD93E8700794571 /* HW-Notification */,
				93A1DFFA1AD93E8700794571 /* HW-NotificationTests */,
				93A1DFDF1AD93E8700794571 /* Products */,
			);
			sourceTree = "<group>";
		};
		93A1DFDF1AD93E8700794571 /* Products */ = {
			isa = PBXGroup;
			children = (
				93A1DFDE1AD93E8700794571 /* HW-Notification.app */,
				93A1DFF71AD93E8700794571 /* HW-NotificationTests.xctest */,
			);
			name = Products;
			sourceTree = "<group>";
		};
		93A1DFE01AD93E8700794571 /* HW-Notification */ = {
			isa = PBXGroup;
			children = (
				93A1DFE51AD93E8700794571 /* AppDelegate.h */,
				93A1DFE61AD93E8700794571 /* AppDelegate.m */,
				93A1DFE81AD93E8700794571 /* ViewController.h */,
				93A1DFE91AD93E8700794571 /* ViewController.m */,
				93A1DFEB1AD93E8700794571 /* Main.storyboard */,
				93A1DFEE1AD93E8700794571 /* Images.xcassets */,
				93A1DFF01AD93E8700794571 /* LaunchScreen.xib */,
				93A1DFE11AD93E8700794571 /* Supporting Files */,
			);
			path = "HW-Notification";
			sourceTree = "<group>";
		};
		93A1DFE11AD93E8700794571 /* Supporting Files */ = {
			isa = PBXGroup;
			children = (
				93A1DFE21AD93E8700794571 /* Info.plist */,
				93A1DFE31AD93E8700794571 /* main.m */,
			);
			name = "Supporting Files";
			sourceTree = "<group>";
		};
		93A1DFFA1AD93E8700794571 /* HW-NotificationTests */ = {
			isa = PBXGroup;
			children = (
				93A1DFFD1AD93E8700794571 /* HW_NotificationTests.m */,
				93A1DFFB1AD93E8700794571 /* Supporting Files */,
			);
			path = "HW-NotificationTests";
			sourceTree = "<group>";
		};
		93A1DFFB1AD93E8700794571 /* Supporting Files */ = {
			isa = PBXGroup;
			children = (
				93A1DFFC1AD93E8700794571 /* Info.plist */,
			);
			name = "Supporting Files";
			sourceTree = "<group>";
		};
/* End PBXGroup section */

/* Begin PBXNativeTarget section */
		93A1DFDD1AD93E8700794571 /* HW-Notification */ = {
			isa = PBXNativeTarget;
			buildConfigurationList = 93A1E0011AD93E8700794571 /* Build configuration list for PBXNativeTarget "HW-Notification" */;
			buildPhases = (
				93A1DFDA1AD93E8700794571 /* Sources */,
				93A1DFDB1AD93E8700794571 /* Frameworks */,
				93A1DFDC1AD93E8700794571 /* Resources */,
			);
			buildRules = (
			);
			dependencies = (
			);
			name = "HW-Notification";
			productName = "HW-Notification";
			productReference = 93A1DFDE1AD93E8700794571 /* HW-Notification.app */;
			productType = "com.apple.product-type.application";
		};
		93A1DFF61AD93E8700794571 /* HW-NotificationTests */ = {
			isa = PBXNativeTarget;
			buildConfigurationList = 93A1E0041AD93E8700794571 /* Build configuration list for PBXNativeTarget "HW-NotificationTests" */;
			buildPhases = (
				93A1DFF31AD93E8700794571 /* Sources */,
				93A1DFF41AD93E8700794571 /* Frameworks */,
				93A1DFF51AD93E8700794571 /* Resources */,
			);
			buildRules = (
			);
			dependencies = (
				93A1DFF91AD93E8700794571 /* PBXTargetDependency */,
			);
			name = "HW-NotificationTests";
			productName = "HW-NotificationTests";
			productReference = 93A1DFF71AD93E8700794571 /* HW-NotificationTests.xctest */;
			productType = "com.apple.product-type.bundle.unit-test";
		};
/* End PBXNativeTarget section */

/* Begin PBXProject section */
		93A1DFD61AD93E8700794571 /* Project object */ = {
			isa = PBXProject;
			attributes = {
				LastUpgradeCheck = 0630;
				ORGANIZATIONNAME = ALPHACamp;
				TargetAttributes = {
					93A1DFDD1AD93E8700794571 = {
						CreatedOnToolsVersion = 6.3;
					};
					93A1DFF61AD93E8700794571 = {
						CreatedOnToolsVersion = 6.3;
						TestTargetID = 93A1DFDD1AD93E8700794571;
					};
				};
			};
			buildConfigurationList = 93A1DFD91AD93E8700794571 /* Build configuration list for PBXProject "HW-Notification" */;
			compatibilityVersion = "Xcode 3.2";
			developmentRegion = English;
			hasScannedForEncodings = 0;
			knownRegions = (
				en,
				Base,
			);
			mainGroup = 93A1DFD51AD93E8700794571;
			productRefGroup = 93A1DFDF1AD93E8700794571 /* Products */;
			projectDirPath = "";
			projectRoot = "";
			targets = (
				93A1DFDD1AD93E8700794571 /* HW-Notification */,
				93A1DFF61AD93E8700794571 /* HW-NotificationTests */,
			);
		};
/* End PBXProject section */

/* Begin PBXResourcesBuildPhase section */
		93A1DFDC1AD93E8700794571 /* Resources */ = {
			isa = PBXResourcesBuildPhase;
			buildActionMask = 2147483647;
			files = (
				93A1DFED1AD93E8700794571 /* Main.storyboard in Resources */,
				93A1DFF21AD93E8700794571 /* LaunchScreen.xib in Resources */,
				93A1DFEF1AD93E8700794571 /* Images.xcassets in Resources */,
			);
			runOnlyForDeploymentPostprocessing = 0;
		};
		93A1DFF51AD93E8700794571 /* Resources */ = {
			isa = PBXResourcesBuildPhase;
			buildActionMask = 2147483647;
			files = (
			);
			runOnlyForDeploymentPostprocessing = 0;
		};
/* End PBXResourcesBuildPhase section */

/* Begin PBXSourcesBuildPhase section */
		93A1DFDA1AD93E8700794571 /* Sources */ = {
			isa = PBXSourcesBuildPhase;
			buildActionMask = 2147483647;
			files = (
				93A1DFEA1AD93E8700794571 /* ViewController.m in Sources */,
				93A1DFE71AD93E8700794571 /* AppDelegate.m in Sources */,
				93A1DFE41AD93E8700794571 /* main.m in Sources */,
			);
			runOnlyForDeploymentPostprocessing = 0;
		};
		93A1DFF31AD93E8700794571 /* Sources */ = {
			isa = PBXSourcesBuildPhase;
			buildActionMask = 2147483647;
			files = (
				93A1DFFE1AD93E8700794571 /* HW_NotificationTests.m in Sources */,
			);
			runOnlyForDeploymentPostprocessing = 0;
		};
/* End PBXSourcesBuildPhase section */

/* Begin PBXTargetDependency section */
		93A1DFF91AD93E8700794571 /* PBXTargetDependency */ = {
			isa = PBXTargetDependency;
			target = 93A1DFDD1AD93E8700794571 /* HW-Notification */;
			targetProxy = 93A1DFF81AD93E8700794571 /* PBXContainerItemProxy */;
		};
/* End PBXTargetDependency section */

/* Begin PBXVariantGroup section */
		93A1DFEB1AD93E8700794571 /* Main.storyboard */ = {
			isa = PBXVariantGroup;
			children = (
				93A1DFEC1AD93E8700794571 /* Base */,
			);
			name = Main.storyboard;
			sourceTree = "<group>";
		};
		93A1DFF01AD93E8700794571 /* LaunchScreen.xib */ = {
			isa = PBXVariantGroup;
			children = (
				93A1DFF11AD93E8700794571 /* Base */,
			);
			name = LaunchScreen.xib;
			sourceTree = "<group>";
		};
/* End PBXVariantGroup section */

/* Begin XCBuildConfiguration section */
		93A1DFFF1AD93E8700794571 /* Debug */ = {
			isa = XCBuildConfiguration;
			buildSettings = {
				ALWAYS_SEARCH_USER_PATHS = NO;
				CLANG_CXX_LANGUAGE_STANDARD = "gnu++0x";
				CLANG_CXX_LIBRARY = "libc++";
				CLANG_ENABLE_MODULES = YES;
				CLANG_ENABLE_OBJC_ARC = YES;
				CLANG_WARN_BOOL_CONVERSION = YES;
				CLANG_WARN_CONSTANT_CONVERSION = YES;
				CLANG_WARN_DIRECT_OBJC_ISA_USAGE = YES_ERROR;
				CLANG_WARN_EMPTY_BODY = YES;
				CLANG_WARN_ENUM_CONVERSION = YES;
				CLANG_WARN_INT_CONVERSION = YES;
				CLANG_WARN_OBJC_ROOT_CLASS = YES_ERROR;
				CLANG_WARN_UNREACHABLE_CODE = YES;
				CLANG_WARN__DUPLICATE_METHOD_MATCH = YES;
				"CODE_SIGN_IDENTITY[sdk=iphoneos*]" = "iPhone Developer";
				COPY_PHASE_STRIP = NO;
				DEBUG_INFORMATION_FORMAT = "dwarf-with-dsym";
				ENABLE_STRICT_OBJC_MSGSEND = YES;
				GCC_C_LANGUAGE_STANDARD = gnu99;
				GCC_DYNAMIC_NO_PIC = NO;
				GCC_NO_COMMON_BLOCKS = YES;
				GCC_OPTIMIZATION_LEVEL = 0;
				GCC_PREPROCESSOR_DEFINITIONS = (
					"DEBUG=1",
					"$(inherited)",
				);
				GCC_SYMBOLS_PRIVATE_EXTERN = NO;
				GCC_WARN_64_TO_32_BIT_CONVERSION = YES;
				GCC_WARN_ABOUT_RETURN_TYPE = YES_ERROR;
				GCC_WARN_UNDECLARED_SELECTOR = YES;
				GCC_WARN_UNINITIALIZED_AUTOS = YES_AGGRESSIVE;
				GCC_WARN_UNUSED_FUNCTION = YES;
				GCC_WARN_UNUSED_VARIABLE = YES;
				IPHONEOS_DEPLOYMENT_TARGET = 8.3;
				MTL_ENABLE_DEBUG_INFO = YES;
				ONLY_ACTIVE_ARCH = YES;
				SDKROOT = iphoneos;
			};
			name = Debug;
		};
		93A1E0001AD93E8700794571 /* Release */ = {
			isa = XCBuildConfiguration;
			buildSettings = {
				ALWAYS_SEARCH_USER_PATHS = NO;
				CLANG_CXX_LANGUAGE_STANDARD = "gnu++0x";
				CLANG_CXX_LIBRARY = "libc++";
				CLANG_ENABLE_MODULES = YES;
				CLANG_ENABLE_OBJC_ARC = YES;
				CLANG_WARN_BOOL_CONVERSION = YES;
				CLANG_WARN_CONSTANT_CONVERSION = YES;
				CLANG_WARN_DIRECT_OBJC_ISA_USAGE = YES_ERROR;
				CLANG_WARN_EMPTY_BODY = YES;
				CLANG_WARN_ENUM_CONVERSION = YES;
				CLANG_WARN_INT_CONVERSION = YES;
				CLANG_WARN_OBJC_ROOT_CLASS = YES_ERROR;
				CLANG_WARN_UNREACHABLE_CODE = YES;
				CLANG_WARN__DUPLICATE_METHOD_MATCH = YES;
				"CODE_SIGN_IDENTITY[sdk=iphoneos*]" = "iPhone Developer";
				COPY_PHASE_STRIP = NO;
				DEBUG_INFORMATION_FORMAT = "dwarf-with-dsym";
				ENABLE_NS_ASSERTIONS = NO;
				ENABLE_STRICT_OBJC_MSGSEND = YES;
				GCC_C_LANGUAGE_STANDARD = gnu99;
				GCC_NO_COMMON_BLOCKS = YES;
				GCC_WARN_64_TO_32_BIT_CONVERSION = YES;
				GCC_WARN_ABOUT_RETURN_TYPE = YES_ERROR;
				GCC_WARN_UNDECLARED_SELECTOR = YES;
				GCC_WARN_UNINITIALIZED_AUTOS = YES_AGGRESSIVE;
				GCC_WARN_UNUSED_FUNCTION = YES;
				GCC_WARN_UNUSED_VARIABLE = YES;
				IPHONEOS_DEPLOYMENT_TARGET = 8.3;
				MTL_ENABLE_DEBUG_INFO = NO;
				SDKROOT = iphoneos;
				VALIDATE_PRODUCT = YES;
			};
			name = Release;
		};
		93A1E0021AD93E8700794571 /* Debug */ = {
			isa = XCBuildConfiguration;
			buildSettings = {
				ASSETCATALOG_COMPILER_APPICON_NAME = AppIcon;
				INFOPLIST_FILE = "HW-Notification/Info.plist";
				LD_RUNPATH_SEARCH_PATHS = "$(inherited) @executable_path/Frameworks";
				PRODUCT_NAME = "$(TARGET_NAME)";
			};
			name = Debug;
		};
		93A1E0031AD93E8700794571 /* Release */ = {
			isa = XCBuildConfiguration;
			buildSettings = {
				ASSETCATALOG_COMPILER_APPICON_NAME = AppIcon;
				INFOPLIST_FILE = "HW-Notification/Info.plist";
				LD_RUNPATH_SEARCH_PATHS = "$(inherited) @executable_path/Frameworks";
				PRODUCT_NAME = "$(TARGET_NAME)";
			};
			name = Release;
		};
		93A1E0051AD93E8700794571 /* Debug */ = {
			isa = XCBuildConfiguration;
			buildSettings = {
				BUNDLE_LOADER = "$(TEST_HOST)";
				FRAMEWORK_SEARCH_PATHS = (
					"$(SDKROOT)/Developer/Library/Frameworks",
					"$(inherited)",
				);
				GCC_PREPROCESSOR_DEFINITIONS = (
					"DEBUG=1",
					"$(inherited)",
				);
				INFOPLIST_FILE = "HW-NotificationTests/Info.plist";
				LD_RUNPATH_SEARCH_PATHS = "$(inherited) @executable_path/Frameworks @loader_path/Frameworks";
				PRODUCT_NAME = "$(TARGET_NAME)";
				TEST_HOST = "$(BUILT_PRODUCTS_DIR)/HW-Notification.app/HW-Notification";
			};
			name = Debug;
		};
		93A1E0061AD93E8700794571 /* Release */ = {
			isa = XCBuildConfiguration;
			buildSettings = {
				BUNDLE_LOADER = "$(TEST_HOST)";
				FRAMEWORK_SEARCH_PATHS = (
					"$(SDKROOT)/Developer/Library/Frameworks",
					"$(inherited)",
				);
				INFOPLIST_FILE = "HW-NotificationTests/Info.plist";
				LD_RUNPATH_SEARCH_PATHS = "$(inherited) @executable_path/Frameworks @loader_path/Frameworks";
				PRODUCT_NAME = "$(TARGET_NAME)";
				TEST_HOST = "$(BUILT_PRODUCTS_DIR)/HW-Notification.app/HW-Notification";
			};
			name = Release;
		};
/* End XCBuildConfiguration section */

/* Begin XCConfigurationList section */
		93A1DFD91AD93E8700794571 /* Build configuration list for PBXProject "HW-Notification" */ = {
			isa = XCConfigurationList;
			buildConfigurations = (
				93A1DFFF1AD93E8700794571 /* Debug */,
				93A1E0001AD93E8700794571 /* Release */,
			);
			defaultConfigurationIsVisible = 0;
			defaultConfigurationName = Release;
		};
		93A1E0011AD93E8700794571 /* Build configuration list for PBXNativeTarget "HW-Notification" */ = {
			isa = XCConfigurationList;
			buildConfigurations = (
				93A1E0021AD93E8700794571 /* Debug */,
				93A1E0031AD93E8700794571 /* Release */,
			);
			defaultConfigurationIsVisible = 0;
		};
		93A1E0041AD93E8700794571 /* Build configuration list for PBXNativeTarget "HW-NotificationTests" */ = {
			isa = XCConfigurationList;
			buildConfigurations = (
				93A1E0051AD93E8700794571 /* Debug */,
				93A1E0061AD93E8700794571 /* Release */,
			);
			defaultConfigurationIsVisible = 0;
		};
/* End XCConfigurationList section */
	};
	rootObject = 93A1DFD61AD93E8700794571 /* Project object */;
}
